partition:
  cmd: python -m spacy run partition
  script:
    - python scripts/partition.py assets/tweets-multilabel.jsonl assets/multilabel_train.jsonl
      assets/multilabel_dev.jsonl
    - python scripts/partition.py assets/tweets-textcat.jsonl assets/textcat_train.jsonl
      assets/textcat_dev.jsonl
  deps: []
  outs:
    - path: assets/multilabel_train.jsonl
      md5: 1fe6b86e9675789da44afc976ce76bc2
    - path: assets/multilabel_dev.jsonl
      md5: 7b5f611ae9dd9830660f8a5d97f50496
    - path: assets/textcat_train.jsonl
      md5: e2c21bde4a0b2159fea66c05df742a22
    - path: assets/textcat_dev.jsonl
      md5: 3315d7f220b3c1e2cb64623630d971a9
  spacy_version: 3.2.4
  spacy_git_version: b50fe5ec6
convert:
  cmd: python -m spacy run convert
  script:
    - python scripts/convert.py en assets/multilabel_train.jsonl corpus/multilabel-train.spacy
    - python scripts/convert.py en assets/multilabel_dev.jsonl corpus/multilabel-dev.spacy
    - python scripts/convert.py en assets/textcat_train.jsonl corpus/textcat-train.spacy
    - python scripts/convert.py en assets/textcat_dev.jsonl corpus/textcat-dev.spacy
  deps:
    - path: assets/multilabel_train.jsonl
      md5: 1fe6b86e9675789da44afc976ce76bc2
    - path: assets/multilabel_dev.jsonl
      md5: 7b5f611ae9dd9830660f8a5d97f50496
    - path: assets/textcat_train.jsonl
      md5: e2c21bde4a0b2159fea66c05df742a22
    - path: assets/textcat_dev.jsonl
      md5: 3315d7f220b3c1e2cb64623630d971a9
    - path: scripts/convert.py
      md5: a4be472b527e029d4a66b594ecf628cf
  outs:
    - path: corpus/multilabel-train.spacy
      md5: a74bc3ae08638f6c3135f6cf56e90f4c
    - path: corpus/multilabel-dev.spacy
      md5: e9b9ea78abb9c99da5efb725ab00fc6f
    - path: corpus/textcat-train.spacy
      md5: 2891b27da3e7289734b0fec2f3ed3dd8
    - path: corpus/textcat-dev.spacy
      md5: 8bf2e8d6c4755500f46fc6eb931a7a0a
  spacy_version: 3.2.4
  spacy_git_version: b50fe5ec6
train:
  cmd: python -m spacy run train
  script:
    - python -m spacy train configs/config_multilabel.cfg --output training/multilabel
      --paths.train corpus/multilabel-train.spacy --paths.dev corpus/multilabel-dev.spacy
      --nlp.lang en --gpu-id -1
    - python -m spacy train configs/config_textcat.cfg --output training/textcat/
      --paths.train corpus/textcat-train.spacy --paths.dev corpus/textcat-dev.spacy
      --nlp.lang en --gpu-id -1
  deps:
    - path: configs/config_multilabel.cfg
      md5: 525faeb843672b2643e1495013a569e0
    - path: corpus/multilabel-train.spacy
      md5: a74bc3ae08638f6c3135f6cf56e90f4c
    - path: corpus/multilabel-dev.spacy
      md5: e9b9ea78abb9c99da5efb725ab00fc6f
    - path: configs/config_textcat.cfg
      md5: 08dc677c2a0f1b221a5b19a5e6a01405
    - path: corpus/textcat-train.spacy
      md5: 2891b27da3e7289734b0fec2f3ed3dd8
    - path: corpus/textcat-dev.spacy
      md5: 8bf2e8d6c4755500f46fc6eb931a7a0a
  outs:
    - path: training/multilabel/model-best
      md5: 9fec53426f6007417b60c10320bf81ab
    - path: training/textcat/model-best
      md5: a9660cd27fa8c3d8f610ece8edf4862e
  spacy_version: 3.2.4
  spacy_git_version: b50fe5ec6
evaluate:
  cmd: python -m spacy run evaluate
  script:
    - python -m spacy evaluate training/multilabel/model-best corpus/multilabel-dev.spacy
      --output training/multilabel/metrics.json
    - python -m spacy evaluate training/textcat/model-best corpus/textcat-dev.spacy
      --output training/textcat/metrics.json
  deps:
    - path: corpus/multilabel-dev.spacy
      md5: e9b9ea78abb9c99da5efb725ab00fc6f
    - path: training/multilabel/model-best
      md5: 9fec53426f6007417b60c10320bf81ab
    - path: corpus/textcat-dev.spacy
      md5: 8bf2e8d6c4755500f46fc6eb931a7a0a
    - path: training/textcat/model-best
      md5: a9660cd27fa8c3d8f610ece8edf4862e
  outs:
    - path: training/multilabel/metrics.json
      md5: 89ff52d484e007a0aae87195a62cea48
    - path: training/textcat/metrics.json
      md5: f686fd7d03b5e7fc154fe2603fa7a0cf
  spacy_version: 3.2.4
  spacy_git_version: b50fe5ec6
package:
  cmd: python -m spacy run package
  script:
    - python -m spacy package training/model-best packages --name prodigy_multiannotator_clickbait
      --version 0.0.0 --force
  deps:
    - path: training/model-best
      md5: 3db042bd3324b23266af73c2de34bd91
  outs:
    - path: packages/en_prodigy_multiannotator_clickbait-0.0.0/dist/en_prodigy_multiannotator_clickbait-0.0.0.tar.gz
      md5: 09352571403fbe6e3834c7b4d368624f
  spacy_version: 3.2.4
  spacy_git_version: b50fe5ec6
spacy-report:
  cmd: python -m spacy run spacy-report
  script:
    - python -m spacy report textcat training/model-best/ corpus/train.spacy corpus/dev.spacy
  deps:
    - path: scripts/visualize_model.py
      md5: e3e6fe8bfe66af7f3b84f5e2c53dff94
    - path: training/model-best
      md5: 3db042bd3324b23266af73c2de34bd91
    - path: corpus/train.spacy
      md5: 9102d8b05e3e6bef5dd8175798a0e528
    - path: corpus/dev.spacy
      md5: 418bee65f73e70afcba5cdf856eeb384
  outs:
    - path: reports/
      md5: 3cbcda4ee4489fb8d6ff96af4ea58ac0
  spacy_version: 3.3.0
  spacy_git_version: 497a708c7
ml-train:
  cmd: python -m spacy run ml-train
  script:
    - python -m spacy train configs/config_multilabel.cfg --output training/multilabel
      --paths.train corpus/multilabel-train.spacy --paths.dev corpus/multilabel-dev.spacy
      --nlp.lang en --gpu-id -1
  deps:
    - path: configs/config_multilabel.cfg
      md5: 525faeb843672b2643e1495013a569e0
    - path: corpus/multilabel-train.spacy
      md5: 8d07f60eeae241f121e4a79597ef23c7
    - path: corpus/multilabel-dev.spacy
      md5: 28bd315a5e0d48623c01bab0cb8a6356
  outs:
    - path: training/multilabel/model-best
      md5: 2a002b573d76d88da144903bc9ab6ef8
  spacy_version: 3.2.4
  spacy_git_version: b50fe5ec6
tc-train:
  cmd: python -m spacy run tc-train
  script:
    - python -m spacy train configs/config_textcat.cfg --output training/textcat/
      --paths.train corpus/textcat-train.spacy --paths.dev corpus/textcat-dev.spacy
      --nlp.lang en --gpu-id -1
  deps:
    - path: configs/config_textcat.cfg
      md5: 08dc677c2a0f1b221a5b19a5e6a01405
    - path: corpus/textcat-train.spacy
      md5: b4c2f448cfd9c67ee5b2a65d77436dce
    - path: corpus/textcat-dev.spacy
      md5: 47db86ace5a5b99012b25aae719c2605
  outs:
    - path: training/textcat/model-best
      md5: 088fcdd73eb15b785d5bb6a505f2d522
  spacy_version: 3.2.4
  spacy_git_version: b50fe5ec6
preprocess:
  cmd: python -m spacy run preprocess
  script:
    - python scripts/preprocess.py
  deps: []
  outs:
    - path: assets/tweets-textcat.jsonl
      md5: 92f64babe62da5442d9a00732c99e746
    - path: assets/tweets-multilabel.jsonl
      md5: 34bf34391cec50e52cdce41a3d7a9df5
    - path: assets/tweets-textcat-ann1.jsonl
      md5: null
    - path: assets/tweets-textcat-ann2.jsonl
      md5: null
    - path: assets/tweets-textcat-ann3.jsonl
      md5: null
  spacy_version: 3.2.4
  spacy_git_version: b50fe5ec6
